
Microsoft Visual Studio Solution File, Format Version 12.00
# Visual Studio Version 17
VisualStudioVersion = 17.2.32630.192
MinimumVisualStudioVersion = 10.0.40219.1
Project("{FAE04EC0-301F-11D3-BF4B-00C04F79EFBC}") = "FlipIt", "FlipIt\FlipIt.csproj", "{55E2FF58-8BB3-4FF8-BC38-B68658CA1126}"
EndProject
Global
	GlobalSection(SolutionConfigurationPlatforms) = preSolution
		Debug|Any CPU = Debug|Any CPU
		Release|Any CPU = Release|Any CPU
	EndGlobalSection
	GlobalSection(ProjectConfigurationPlatforms) = postSolution
		{55E2FF58-8BB3-4FF8-BC38-B68658CA1126}.Debug|Any CPU.ActiveCfg = Debug|Any CPU
		{55E2FF58-8BB3-4FF8-BC38-B68658CA1126}.Debug|Any CPU.Build.0 = Debug|Any CPU
		{55E2FF58-8BB3-4FF8-BC38-B68658CA1126}.Release|Any CPU.ActiveCfg = Release|Any CPU
		{55E2FF58-8BB3-4FF8-BC38-B68658CA1126}.Release|Any CPU.Build.0 = Release|Any CPU
	EndGlobalSection
	GlobalSection(SolutionProperties) = preSolution
		HideSolutionNode = FALSE
	EndGlobalSection
	GlobalSection(ExtensibilityGlobals) = postSolution
		SolutionGuid = {21AB05B8-9954-4341-88DB-F20C4933FAF7}
	EndGlobalSection
EndGlobal
